
Microsoft Visual Studio Solution File, Format Version 12.00
# Visual Studio 15
VisualStudioVersion = 15.0.28307.136
MinimumVisualStudioVersion = 10.0.40219.1
Project("{FAE04EC0-301F-11D3-BF4B-00C04F79EFBC}") = "DebugSix04", "DebugSix04\DebugSix04.csproj", "{364765B3-6062-42EF-A6FC-A6D9115EE35C}"
EndProject
Global
	GlobalSection(SolutionConfigurationPlatforms) = preSolution
		Debug|Any CPU = Debug|Any CPU
		Release|Any CPU = Release|Any CPU
	EndGlobalSection
	GlobalSection(ProjectConfigurationPlatforms) = postSolution
		{364765B3-6062-42EF-A6FC-A6D9115EE35C}.Debug|Any CPU.ActiveCfg = Debug|Any CPU
		{364765B3-6062-42EF-A6FC-A6D9115EE35C}.Debug|Any CPU.Build.0 = Debug|Any CPU
		{364765B3-6062-42EF-A6FC-A6D9115EE35C}.Release|Any CPU.ActiveCfg = Release|Any CPU
		{364765B3-6062-42EF-A6FC-A6D9115EE35C}.Release|Any CPU.Build.0 = Release|Any CPU
	EndGlobalSection
	GlobalSection(SolutionProperties) = preSolution
		HideSolutionNode = FALSE
	EndGlobalSection
	GlobalSection(ExtensibilityGlobals) = postSolution
		SolutionGuid = {C4CA57E1-D0B7-499D-A6BF-83E4E07A0C89}
	EndGlobalSection
EndGlobal
