
Microsoft Visual Studio Solution File, Format Version 12.00
# Visual Studio 15
VisualStudioVersion = 15.0.27703.2035
MinimumVisualStudioVersion = 10.0.40219.1
Project("{FAE04EC0-301F-11D3-BF4B-00C04F79EFBC}") = "Student", "Student\Student.csproj", "{F6369A93-E063-4943-BE0E-3426C19E820E}"
EndProject
Global
	GlobalSection(SolutionConfigurationPlatforms) = preSolution
		Debug|Any CPU = Debug|Any CPU
		Release|Any CPU = Release|Any CPU
	EndGlobalSection
	GlobalSection(ProjectConfigurationPlatforms) = postSolution
		{F6369A93-E063-4943-BE0E-3426C19E820E}.Debug|Any CPU.ActiveCfg = Debug|Any CPU
		{F6369A93-E063-4943-BE0E-3426C19E820E}.Debug|Any CPU.Build.0 = Debug|Any CPU
		{F6369A93-E063-4943-BE0E-3426C19E820E}.Release|Any CPU.ActiveCfg = Release|Any CPU
		{F6369A93-E063-4943-BE0E-3426C19E820E}.Release|Any CPU.Build.0 = Release|Any CPU
	EndGlobalSection
	GlobalSection(SolutionProperties) = preSolution
		HideSolutionNode = FALSE
	EndGlobalSection
	GlobalSection(ExtensibilityGlobals) = postSolution
		SolutionGuid = {CA8C5F3B-5F1D-4262-8807-157EDE5B9AAC}
	EndGlobalSection
EndGlobal
