
Microsoft Visual Studio Solution File, Format Version 12.00
# Visual Studio 15
VisualStudioVersion = 15.0.27703.2035
MinimumVisualStudioVersion = 10.0.40219.1
Project("{FAE04EC0-301F-11D3-BF4B-00C04F79EFBC}") = "Rent", "Rent\Rent.csproj", "{43BABFB0-A7D4-471D-B497-0A4E23DC9F67}"
EndProject
Global
	GlobalSection(SolutionConfigurationPlatforms) = preSolution
		Debug|Any CPU = Debug|Any CPU
		Release|Any CPU = Release|Any CPU
	EndGlobalSection
	GlobalSection(ProjectConfigurationPlatforms) = postSolution
		{43BABFB0-A7D4-471D-B497-0A4E23DC9F67}.Debug|Any CPU.ActiveCfg = Debug|Any CPU
		{43BABFB0-A7D4-471D-B497-0A4E23DC9F67}.Debug|Any CPU.Build.0 = Debug|Any CPU
		{43BABFB0-A7D4-471D-B497-0A4E23DC9F67}.Release|Any CPU.ActiveCfg = Release|Any CPU
		{43BABFB0-A7D4-471D-B497-0A4E23DC9F67}.Release|Any CPU.Build.0 = Release|Any CPU
	EndGlobalSection
	GlobalSection(SolutionProperties) = preSolution
		HideSolutionNode = FALSE
	EndGlobalSection
	GlobalSection(ExtensibilityGlobals) = postSolution
		SolutionGuid = {7C013305-BB1A-4747-BC5F-BDE2B3100C0D}
	EndGlobalSection
EndGlobal
